
Microsoft Visual Studio Solution File, Format Version 12.00
# Visual Studio Version 17
VisualStudioVersion = 17.2.32630.192
MinimumVisualStudioVersion = 10.0.40219.1
Project("{9A19103F-16F7-4668-BE54-9A1E7A4F7556}") = "35 Prescribers", "AmeliorateAegis\35 Prescribers.csproj", "{9EB5FD51-9EC9-4555-83F0-857323EAC0AF}"
EndProject
Global
	GlobalSection(SolutionConfigurationPlatforms) = preSolution
		Debug|Any CPU = Debug|Any CPU
		Release|Any CPU = Release|Any CPU
	EndGlobalSection
	GlobalSection(ProjectConfigurationPlatforms) = postSolution
		{9EB5FD51-9EC9-4555-83F0-857323EAC0AF}.Debug|Any CPU.ActiveCfg = Debug|Any CPU
		{9EB5FD51-9EC9-4555-83F0-857323EAC0AF}.Debug|Any CPU.Build.0 = Debug|Any CPU
		{9EB5FD51-9EC9-4555-83F0-857323EAC0AF}.Release|Any CPU.ActiveCfg = Release|Any CPU
		{9EB5FD51-9EC9-4555-83F0-857323EAC0AF}.Release|Any CPU.Build.0 = Release|Any CPU
	EndGlobalSection
	GlobalSection(SolutionProperties) = preSolution
		HideSolutionNode = FALSE
	EndGlobalSection
	GlobalSection(ExtensibilityGlobals) = postSolution
		SolutionGuid = {F9F53B3E-4F57-4D2C-AF33-872F79C6E97D}
	EndGlobalSection
EndGlobal
